
Microsoft Visual Studio Solution File, Format Version 12.00
# Visual Studio 14
VisualStudioVersion = 14.0.24720.0
MinimumVisualStudioVersion = 10.0.40219.1
Project("{FAE04EC0-301F-11D3-BF4B-00C04F79EFBC}") = "LineFinder", "LineFinder\LineFinder.csproj", "{1F5D3846-93CC-4821-B62F-299A3296C0A1}"
EndProject
Project("{2150E333-8FDC-42A3-9474-1A3956D46DE8}") = "Unit Tests", "Unit Tests", "{9B670D24-AA60-49DE-88BD-CA0594459989}"
EndProject
Project("{FAE04EC0-301F-11D3-BF4B-00C04F79EFBC}") = "SectionFinder.Tests", "Unit Tests\SectionFinder.Tests\SectionFinder.Tests.csproj", "{76F66FAF-B176-4ABB-AA66-246A7E9D73C5}"
EndProject
Project("{FAE04EC0-301F-11D3-BF4B-00C04F79EFBC}") = "SectionFinder", "SectionFinder\SectionFinder.csproj", "{9D382DAB-1BCB-46C1-BA60-EEB042D33153}"
EndProject
Global
	GlobalSection(SolutionConfigurationPlatforms) = preSolution
		Debug|Any CPU = Debug|Any CPU
		Release|Any CPU = Release|Any CPU
	EndGlobalSection
	GlobalSection(ProjectConfigurationPlatforms) = postSolution
		{1F5D3846-93CC-4821-B62F-299A3296C0A1}.Debug|Any CPU.ActiveCfg = Debug|Any CPU
		{1F5D3846-93CC-4821-B62F-299A3296C0A1}.Debug|Any CPU.Build.0 = Debug|Any CPU
		{1F5D3846-93CC-4821-B62F-299A3296C0A1}.Release|Any CPU.ActiveCfg = Release|Any CPU
		{1F5D3846-93CC-4821-B62F-299A3296C0A1}.Release|Any CPU.Build.0 = Release|Any CPU
		{76F66FAF-B176-4ABB-AA66-246A7E9D73C5}.Debug|Any CPU.ActiveCfg = Debug|Any CPU
		{76F66FAF-B176-4ABB-AA66-246A7E9D73C5}.Debug|Any CPU.Build.0 = Debug|Any CPU
		{76F66FAF-B176-4ABB-AA66-246A7E9D73C5}.Release|Any CPU.ActiveCfg = Release|Any CPU
		{76F66FAF-B176-4ABB-AA66-246A7E9D73C5}.Release|Any CPU.Build.0 = Release|Any CPU
		{9D382DAB-1BCB-46C1-BA60-EEB042D33153}.Debug|Any CPU.ActiveCfg = Debug|Any CPU
		{9D382DAB-1BCB-46C1-BA60-EEB042D33153}.Debug|Any CPU.Build.0 = Debug|Any CPU
		{9D382DAB-1BCB-46C1-BA60-EEB042D33153}.Release|Any CPU.ActiveCfg = Release|Any CPU
		{9D382DAB-1BCB-46C1-BA60-EEB042D33153}.Release|Any CPU.Build.0 = Release|Any CPU
	EndGlobalSection
	GlobalSection(SolutionProperties) = preSolution
		HideSolutionNode = FALSE
	EndGlobalSection
	GlobalSection(NestedProjects) = preSolution
		{76F66FAF-B176-4ABB-AA66-246A7E9D73C5} = {9B670D24-AA60-49DE-88BD-CA0594459989}
	EndGlobalSection
EndGlobal
